
Microsoft Visual Studio Solution File, Format Version 12.00
# Visual Studio Version 17
VisualStudioVersion = 17.9.34714.143
MinimumVisualStudioVersion = 10.0.40219.1
Project("{FAE04EC0-301F-11D3-BF4B-00C04F79EFBC}") = "SoftUniDB", "SoftUniDB\SoftUniDB.csproj", "{10FA9C5E-099E-4F55-97C8-0AF0BF87BFA2}"
EndProject
Global
	GlobalSection(SolutionConfigurationPlatforms) = preSolution
		Debug|Any CPU = Debug|Any CPU
		Release|Any CPU = Release|Any CPU
	EndGlobalSection
	GlobalSection(ProjectConfigurationPlatforms) = postSolution
		{10FA9C5E-099E-4F55-97C8-0AF0BF87BFA2}.Debug|Any CPU.ActiveCfg = Debug|Any CPU
		{10FA9C5E-099E-4F55-97C8-0AF0BF87BFA2}.Debug|Any CPU.Build.0 = Debug|Any CPU
		{10FA9C5E-099E-4F55-97C8-0AF0BF87BFA2}.Release|Any CPU.ActiveCfg = Release|Any CPU
		{10FA9C5E-099E-4F55-97C8-0AF0BF87BFA2}.Release|Any CPU.Build.0 = Release|Any CPU
	EndGlobalSection
	GlobalSection(SolutionProperties) = preSolution
		HideSolutionNode = FALSE
	EndGlobalSection
	GlobalSection(ExtensibilityGlobals) = postSolution
		SolutionGuid = {FCB1993F-55C8-43F7-9EEC-6F4BFC1092A5}
	EndGlobalSection
EndGlobal
